lockfileVersion: '9.0'

settings:
  autoInstallPeers: true
  excludeLinksFromLockfile: false

importers:
  .:
    devDependencies:
      '@trivago/prettier-plugin-sort-imports':
        specifier: ^5.2.0
        version: 5.2.1(prettier@3.4.2)
      fern-api:
        specifier: ^0.46.10
        version: 0.46.17
      prettier:
        specifier: 3.4.2
        version: 3.4.2
      prettier-plugin-tailwindcss:
        specifier: ^0.6.9
        version: 0.6.9(@trivago/prettier-plugin-sort-imports@5.2.1(prettier@3.4.2))(prettier@3.4.2)

packages:
  '@babel/code-frame@7.26.2':
    resolution:
      {
        integrity: sha512-RJlIHRueQgwWitWgF8OdFYGZX328Ax5BCemNGlqHfplnRT9ESi8JkFlvaVYbS+UubVY6dpv87Fs2u5M29iNFVQ==,
      }
    engines: { node: '>=6.9.0' }

  '@babel/generator@7.26.3':
    resolution:
      {
        integrity: sha512-6FF/urZvD0sTeO7k6/B15pMLC4CHUv1426lzr3N01aHJTl046uCAh9LXW/fzeXXjPNCJ6iABW5XaWOsIZB93aQ==,
      }
    engines: { node: '>=6.9.0' }

  '@babel/helper-string-parser@7.25.9':
    resolution:
      {
        integrity: sha512-4A/SCr/2KLd5jrtOMFzaKjVtAei3+2r/NChoBNoZ3EyP/+GlhoaEGoWOZUmFmoITP7zOJyHIMm+DYRd8o3PvHA==,
      }
    engines: { node: '>=6.9.0' }

  '@babel/helper-validator-identifier@7.25.9':
    resolution:
      {
        integrity: sha512-Ed61U6XJc3CVRfkERJWDz4dJwKe7iLmmJsbOGu9wSloNSFttHV0I8g6UAgb7qnK5ly5bGLPd4oXZlxCdANBOWQ==,
      }
    engines: { node: '>=6.9.0' }

  '@babel/parser@7.26.3':
    resolution:
      {
        integrity: sha512-WJ/CvmY8Mea8iDXo6a7RK2wbmJITT5fN3BEkRuFlxVyNx8jOKIIhmC4fSkTcPcf8JyavbBwIe6OpiCOBXt/IcA==,
      }
    engines: { node: '>=6.0.0' }
    hasBin: true

  '@babel/template@7.25.9':
    resolution:
      {
        integrity: sha512-9DGttpmPvIxBb/2uwpVo3dqJ+O6RooAFOS+lB+xDqoE2PVCE8nfoHMdZLpfCQRLwvohzXISPZcgxt80xLfsuwg==,
      }
    engines: { node: '>=6.9.0' }

  '@babel/traverse@7.26.4':
    resolution:
      {
        integrity: sha512-fH+b7Y4p3yqvApJALCPJcwb0/XaOSgtK4pzV6WVjPR5GLFQBRI7pfoX2V2iM48NXvX07NUxxm1Vw98YjqTcU5w==,
      }
    engines: { node: '>=6.9.0' }

  '@babel/types@7.26.3':
    resolution:
      {
        integrity: sha512-vN5p+1kl59GVKMvTHt55NzzmYVxprfJD+ql7U9NFIfKCBkYE55LYtS+WtPlaYOyzydrKI8Nezd+aZextrd+FMA==,
      }
    engines: { node: '>=6.9.0' }

  '@jridgewell/gen-mapping@0.3.8':
    resolution:
      {
        integrity: sha512-imAbBGkb+ebQyxKgzv5Hu2nmROxoDOXHh80evxdoXNOrvAnVx7zimzc1Oo5h9RlfV4vPXaE2iM5pOFbvOCClWA==,
      }
    engines: { node: '>=6.0.0' }

  '@jridgewell/resolve-uri@3.1.2':
    resolution:
      {
        integrity: sha512-bRISgCIjP20/tbWSPWMEi54QVPRZExkuD9lJL+UIxUKtwVJA8wW1Trb1jMs1RFXo1CBTNZ/5hpC9QvmKWdopKw==,
      }
    engines: { node: '>=6.0.0' }

  '@jridgewell/set-array@1.2.1':
    resolution:
      {
        integrity: sha512-R8gLRTZeyp03ymzP/6Lil/28tGeGEzhx1q2k703KGWRAI1VdvPIXdG70VJc2pAMw3NA6JKL5hhFu1sJX0Mnn/A==,
      }
    engines: { node: '>=6.0.0' }

  '@jridgewell/sourcemap-codec@1.5.0':
    resolution:
      {
        integrity: sha512-gv3ZRaISU3fjPAgNsriBRqGWQL6quFx04YMPW/zD8XMLsU32mhCCbfbO6KZFLjvYpCZ8zyDEgqsgf+PwPaM7GQ==,
      }

  '@jridgewell/trace-mapping@0.3.25':
    resolution:
      {
        integrity: sha512-vNk6aEwybGtawWmy/PzwnGDOjCkLWSD2wqvjGGAgOAwCGWySYXfYoxt00IJkTF+8Lb57DwOb3Aa0o9CApepiYQ==,
      }

  '@trivago/prettier-plugin-sort-imports@5.2.1':
    resolution:
      {
        integrity: sha512-NDZndt0fmVThIx/8cExuJHLZagUVzfGCoVrwH9x6aZvwfBdkrDFTYujecek6X2WpG4uUFsVaPg5+aNQPSyjcmw==,
      }
    engines: { node: '>18.12' }
    peerDependencies:
      '@vue/compiler-sfc': 3.x
      prettier: 2.x - 3.x
      prettier-plugin-svelte: 3.x
      svelte: 4.x || 5.x
    peerDependenciesMeta:
      '@vue/compiler-sfc':
        optional: true
      prettier-plugin-svelte:
        optional: true
      svelte:
        optional: true

  debug@4.4.0:
    resolution:
      {
        integrity: sha512-6WTZ/IxCY/T6BALoZHaE4ctp9xm+Z5kY/pzYaCHRFeyVhojxlrm+46y68HA6hr0TcwEssoxNiDEUJQjfPZ/RYA==,
      }
    engines: { node: '>=6.0' }
    peerDependencies:
      supports-color: '*'
    peerDependenciesMeta:
      supports-color:
        optional: true

  fern-api@0.46.17:
    resolution:
      {
        integrity: sha512-orYdnNd95lq9t2iUr1nX0tGBmISsNTz1OqnaSN77aW6KIOITNduYCfKD/VOj1MHaOvHzqFSCMYKfOqOsQys1Tw==,
      }
    hasBin: true

  globals@11.12.0:
    resolution:
      {
        integrity: sha512-WOBp/EEGUiIsJSp7wcv/y6MO+lV9UoncWqxuFfm8eBwzWNgyfBd6Gz+IeKQ9jCmyhoH99g15M3T+QaVHFjizVA==,
      }
    engines: { node: '>=4' }

  javascript-natural-sort@0.7.1:
    resolution:
      {
        integrity: sha512-nO6jcEfZWQXDhOiBtG2KvKyEptz7RVbpGP4vTD2hLBdmNQSsCiicO2Ioinv6UI4y9ukqnBpy+XZ9H6uLNgJTlw==,
      }

  js-tokens@4.0.0:
    resolution:
      {
        integrity: sha512-RdJUflcE3cUzKiMqQgsCu06FPu9UdIJO0beYbPhHN4k6apgJtifcoCtT9bcxOpYBtpD2kCM6Sbzg4CausW/PKQ==,
      }

  jsesc@3.1.0:
    resolution:
      {
        integrity: sha512-/sM3dO2FOzXjKQhJuo0Q173wf2KOo8t4I8vHy6lF9poUp7bKT0/NHE8fPX23PwfhnykfqnC2xRxOnVw5XuGIaA==,
      }
    engines: { node: '>=6' }
    hasBin: true

  lodash@4.17.21:
    resolution:
      {
        integrity: sha512-v2kDEe57lecTulaDIuNTPy3Ry4gLGJ6Z1O3vE1krgXZNrsQ+LFTGHVxVjcXPs17LhbZVGedAJv8XZ1tvj5FvSg==,
      }

  ms@2.1.3:
    resolution:
      {
        integrity: sha512-6FlzubTLZG3J2a/NVCAleEhjzq5oxgHyaCU9yYXvcLsvoVaHJq/s5xXI6/XXP6tz7R9xAOtHnSO/tXtF3WRTlA==,
      }

  picocolors@1.1.1:
    resolution:
      {
        integrity: sha512-xceH2snhtb5M9liqDsmEw56le376mTZkEX/jEb/RxNFyegNul7eNslCXP9FDj/Lcu0X8KEyMceP2ntpaHrDEVA==,
      }

  prettier-plugin-tailwindcss@0.6.9:
    resolution:
      {
        integrity: sha512-r0i3uhaZAXYP0At5xGfJH876W3HHGHDp+LCRUJrs57PBeQ6mYHMwr25KH8NPX44F2yGTvdnH7OqCshlQx183Eg==,
      }
    engines: { node: '>=14.21.3' }
    peerDependencies:
      '@ianvs/prettier-plugin-sort-imports': '*'
      '@prettier/plugin-pug': '*'
      '@shopify/prettier-plugin-liquid': '*'
      '@trivago/prettier-plugin-sort-imports': '*'
      '@zackad/prettier-plugin-twig-melody': '*'
      prettier: ^3.0
      prettier-plugin-astro: '*'
      prettier-plugin-css-order: '*'
      prettier-plugin-import-sort: '*'
      prettier-plugin-jsdoc: '*'
      prettier-plugin-marko: '*'
      prettier-plugin-multiline-arrays: '*'
      prettier-plugin-organize-attributes: '*'
      prettier-plugin-organize-imports: '*'
      prettier-plugin-sort-imports: '*'
      prettier-plugin-style-order: '*'
      prettier-plugin-svelte: '*'
    peerDependenciesMeta:
      '@ianvs/prettier-plugin-sort-imports':
        optional: true
      '@prettier/plugin-pug':
        optional: true
      '@shopify/prettier-plugin-liquid':
        optional: true
      '@trivago/prettier-plugin-sort-imports':
        optional: true
      '@zackad/prettier-plugin-twig-melody':
        optional: true
      prettier-plugin-astro:
        optional: true
      prettier-plugin-css-order:
        optional: true
      prettier-plugin-import-sort:
        optional: true
      prettier-plugin-jsdoc:
        optional: true
      prettier-plugin-marko:
        optional: true
      prettier-plugin-multiline-arrays:
        optional: true
      prettier-plugin-organize-attributes:
        optional: true
      prettier-plugin-organize-imports:
        optional: true
      prettier-plugin-sort-imports:
        optional: true
      prettier-plugin-style-order:
        optional: true
      prettier-plugin-svelte:
        optional: true

  prettier@3.4.2:
    resolution:
      {
        integrity: sha512-e9MewbtFo+Fevyuxn/4rrcDAaq0IYxPGLvObpQjiZBMAzB9IGmzlnG9RZy3FFas+eBMu2vA0CszMeduow5dIuQ==,
      }
    engines: { node: '>=14' }
    hasBin: true

snapshots:
  '@babel/code-frame@7.26.2':
    dependencies:
      '@babel/helper-validator-identifier': 7.25.9
      js-tokens: 4.0.0
      picocolors: 1.1.1

  '@babel/generator@7.26.3':
    dependencies:
      '@babel/parser': 7.26.3
      '@babel/types': 7.26.3
      '@jridgewell/gen-mapping': 0.3.8
      '@jridgewell/trace-mapping': 0.3.25
      jsesc: 3.1.0

  '@babel/helper-string-parser@7.25.9': {}

  '@babel/helper-validator-identifier@7.25.9': {}

  '@babel/parser@7.26.3':
    dependencies:
      '@babel/types': 7.26.3

  '@babel/template@7.25.9':
    dependencies:
      '@babel/code-frame': 7.26.2
      '@babel/parser': 7.26.3
      '@babel/types': 7.26.3

  '@babel/traverse@7.26.4':
    dependencies:
      '@babel/code-frame': 7.26.2
      '@babel/generator': 7.26.3
      '@babel/parser': 7.26.3
      '@babel/template': 7.25.9
      '@babel/types': 7.26.3
      debug: 4.4.0
      globals: 11.12.0
    transitivePeerDependencies:
      - supports-color

  '@babel/types@7.26.3':
    dependencies:
      '@babel/helper-string-parser': 7.25.9
      '@babel/helper-validator-identifier': 7.25.9

  '@jridgewell/gen-mapping@0.3.8':
    dependencies:
      '@jridgewell/set-array': 1.2.1
      '@jridgewell/sourcemap-codec': 1.5.0
      '@jridgewell/trace-mapping': 0.3.25

  '@jridgewell/resolve-uri@3.1.2': {}

  '@jridgewell/set-array@1.2.1': {}

  '@jridgewell/sourcemap-codec@1.5.0': {}

  '@jridgewell/trace-mapping@0.3.25':
    dependencies:
      '@jridgewell/resolve-uri': 3.1.2
      '@jridgewell/sourcemap-codec': 1.5.0

  '@trivago/prettier-plugin-sort-imports@5.2.1(prettier@3.4.2)':
    dependencies:
      '@babel/generator': 7.26.3
      '@babel/parser': 7.26.3
      '@babel/traverse': 7.26.4
      '@babel/types': 7.26.3
      javascript-natural-sort: 0.7.1
      lodash: 4.17.21
      prettier: 3.4.2
    transitivePeerDependencies:
      - supports-color

  debug@4.4.0:
    dependencies:
      ms: 2.1.3

  fern-api@0.46.17: {}

  globals@11.12.0: {}

  javascript-natural-sort@0.7.1: {}

  js-tokens@4.0.0: {}

  jsesc@3.1.0: {}

  lodash@4.17.21: {}

  ms@2.1.3: {}

  picocolors@1.1.1: {}

  prettier-plugin-tailwindcss@0.6.9(@trivago/prettier-plugin-sort-imports@5.2.1(prettier@3.4.2))(prettier@3.4.2):
    dependencies:
      prettier: 3.4.2
    optionalDependencies:
      '@trivago/prettier-plugin-sort-imports': 5.2.1(prettier@3.4.2)

  prettier@3.4.2: {}
